
Microsoft Visual Studio Solution File, Format Version 12.00
# Visual Studio Version 17
VisualStudioVersion = 17.3.32825.248
MinimumVisualStudioVersion = 10.0.40219.1
Project("{FAE04EC0-301F-11D3-BF4B-00C04F79EFBC}") = "AtvCSharp01", "AtvCSharp01\AtvCSharp01.csproj", "{1032C656-A52E-42FF-AF45-29C2B97EA649}"
EndProject
Global
	GlobalSection(SolutionConfigurationPlatforms) = preSolution
		Debug|Any CPU = Debug|Any CPU
		Release|Any CPU = Release|Any CPU
	EndGlobalSection
	GlobalSection(ProjectConfigurationPlatforms) = postSolution
		{1032C656-A52E-42FF-AF45-29C2B97EA649}.Debug|Any CPU.ActiveCfg = Debug|Any CPU
		{1032C656-A52E-42FF-AF45-29C2B97EA649}.Debug|Any CPU.Build.0 = Debug|Any CPU
		{1032C656-A52E-42FF-AF45-29C2B97EA649}.Release|Any CPU.ActiveCfg = Release|Any CPU
		{1032C656-A52E-42FF-AF45-29C2B97EA649}.Release|Any CPU.Build.0 = Release|Any CPU
	EndGlobalSection
	GlobalSection(SolutionProperties) = preSolution
		HideSolutionNode = FALSE
	EndGlobalSection
	GlobalSection(ExtensibilityGlobals) = postSolution
		SolutionGuid = {A6EBF5E7-819D-4F9C-9ACB-EA5D13B2F8B1}
	EndGlobalSection
EndGlobal
