
Microsoft Visual Studio Solution File, Format Version 12.00
# Visual Studio Version 17
VisualStudioVersion = 17.3.32825.248
MinimumVisualStudioVersion = 10.0.40219.1
Project("{FAE04EC0-301F-11D3-BF4B-00C04F79EFBC}") = "AtvCSharp05", "AtvCSharp05\AtvCSharp05.csproj", "{10B8A3C4-FE43-46D5-887F-F42CC20C4D50}"
EndProject
Global
	GlobalSection(SolutionConfigurationPlatforms) = preSolution
		Debug|Any CPU = Debug|Any CPU
		Release|Any CPU = Release|Any CPU
	EndGlobalSection
	GlobalSection(ProjectConfigurationPlatforms) = postSolution
		{10B8A3C4-FE43-46D5-887F-F42CC20C4D50}.Debug|Any CPU.ActiveCfg = Debug|Any CPU
		{10B8A3C4-FE43-46D5-887F-F42CC20C4D50}.Debug|Any CPU.Build.0 = Debug|Any CPU
		{10B8A3C4-FE43-46D5-887F-F42CC20C4D50}.Release|Any CPU.ActiveCfg = Release|Any CPU
		{10B8A3C4-FE43-46D5-887F-F42CC20C4D50}.Release|Any CPU.Build.0 = Release|Any CPU
	EndGlobalSection
	GlobalSection(SolutionProperties) = preSolution
		HideSolutionNode = FALSE
	EndGlobalSection
	GlobalSection(ExtensibilityGlobals) = postSolution
		SolutionGuid = {8D5C632D-3CA2-4F2C-8D3B-2720EA2328EA}
	EndGlobalSection
EndGlobal
